
Microsoft Visual Studio Solution File, Format Version 12.00
# Visual Studio Version 17
VisualStudioVersion = 17.13.35806.99
MinimumVisualStudioVersion = 10.0.40219.1
Project("{FAE04EC0-301F-11D3-BF4B-00C04F79EFBC}") = "ClientesApi", "ClientesApi.csproj", "{9C59764B-DD27-4CAC-AA2F-B7FF99369C69}"
EndProject
Global
	GlobalSection(SolutionConfigurationPlatforms) = preSolution
		Debug|Any CPU = Debug|Any CPU
		Release|Any CPU = Release|Any CPU
	EndGlobalSection
	GlobalSection(ProjectConfigurationPlatforms) = postSolution
		{9C59764B-DD27-4CAC-AA2F-B7FF99369C69}.Debug|Any CPU.ActiveCfg = Debug|Any CPU
		{9C59764B-DD27-4CAC-AA2F-B7FF99369C69}.Debug|Any CPU.Build.0 = Debug|Any CPU
		{9C59764B-DD27-4CAC-AA2F-B7FF99369C69}.Release|Any CPU.ActiveCfg = Release|Any CPU
		{9C59764B-DD27-4CAC-AA2F-B7FF99369C69}.Release|Any CPU.Build.0 = Release|Any CPU
	EndGlobalSection
	GlobalSection(SolutionProperties) = preSolution
		HideSolutionNode = FALSE
	EndGlobalSection
	GlobalSection(ExtensibilityGlobals) = postSolution
		SolutionGuid = {B724AD35-7102-40D2-8ADF-3F9BE9654D29}
	EndGlobalSection
EndGlobal
